
Microsoft Visual Studio Solution File, Format Version 12.00
# Visual Studio Version 17
VisualStudioVersion = 17.0.31903.59
MinimumVisualStudioVersion = 10.0.40219.1
Project("{9A19103F-16F7-4668-BE54-9A1E7A4F7556}") = "Project3.IntegrationTests", "Tests\Project3.IntegrationTests\Project3.IntegrationTests.csproj", "{A11C013E-B836-43E7-AB7A-4A84DB0697E7}"
EndProject
Project("{9A19103F-16F7-4668-BE54-9A1E7A4F7556}") = "Project2.UnitTests", "Tests\Project2.UnitTests\Project2.UnitTests.csproj", "{96028FF9-D3D6-4323-806D-6E98045D76A5}"
EndProject
Project("{9A19103F-16F7-4668-BE54-9A1E7A4F7556}") = "Project1.UnitTests", "Tests\Project1.UnitTests\Project1.UnitTests.csproj", "{74CFA660-C74F-47E7-A033-2F81C7FA9390}"
EndProject
Project("{9A19103F-16F7-4668-BE54-9A1E7A4F7556}") = "Project4.IntegrationTests", "Tests\Project4.IntegrationTests\Project4.IntegrationTests.csproj", "{9A6E5056-1FAC-4F57-91A6-9CB1284D3D9E}"
EndProject
Project("{9A19103F-16F7-4668-BE54-9A1E7A4F7556}") = "Project5.IntegrationTests", "Tests\Project5.IntegrationTests\Project5.IntegrationTests.csproj", "{EF39C832-F51C-4E0A-8FB1-03F57A52F6E8}"
EndProject
Global
	GlobalSection(SolutionConfigurationPlatforms) = preSolution
		Debug|Any CPU = Debug|Any CPU
		Release|Any CPU = Release|Any CPU
	EndGlobalSection
	GlobalSection(ProjectConfigurationPlatforms) = postSolution
		{A11C013E-B836-43E7-AB7A-4A84DB0697E7}.Debug|Any CPU.ActiveCfg = Debug|Any CPU
		{A11C013E-B836-43E7-AB7A-4A84DB0697E7}.Debug|Any CPU.Build.0 = Debug|Any CPU
		{A11C013E-B836-43E7-AB7A-4A84DB0697E7}.Release|Any CPU.ActiveCfg = Release|Any CPU
		{A11C013E-B836-43E7-AB7A-4A84DB0697E7}.Release|Any CPU.Build.0 = Release|Any CPU
		{96028FF9-D3D6-4323-806D-6E98045D76A5}.Debug|Any CPU.ActiveCfg = Debug|Any CPU
		{96028FF9-D3D6-4323-806D-6E98045D76A5}.Debug|Any CPU.Build.0 = Debug|Any CPU
		{96028FF9-D3D6-4323-806D-6E98045D76A5}.Release|Any CPU.ActiveCfg = Release|Any CPU
		{96028FF9-D3D6-4323-806D-6E98045D76A5}.Release|Any CPU.Build.0 = Release|Any CPU
		{74CFA660-C74F-47E7-A033-2F81C7FA9390}.Debug|Any CPU.ActiveCfg = Debug|Any CPU
		{74CFA660-C74F-47E7-A033-2F81C7FA9390}.Debug|Any CPU.Build.0 = Debug|Any CPU
		{74CFA660-C74F-47E7-A033-2F81C7FA9390}.Release|Any CPU.ActiveCfg = Release|Any CPU
		{74CFA660-C74F-47E7-A033-2F81C7FA9390}.Release|Any CPU.Build.0 = Release|Any CPU
		{9A6E5056-1FAC-4F57-91A6-9CB1284D3D9E}.Debug|Any CPU.ActiveCfg = Debug|Any CPU
		{9A6E5056-1FAC-4F57-91A6-9CB1284D3D9E}.Debug|Any CPU.Build.0 = Debug|Any CPU
		{9A6E5056-1FAC-4F57-91A6-9CB1284D3D9E}.Release|Any CPU.ActiveCfg = Release|Any CPU
		{9A6E5056-1FAC-4F57-91A6-9CB1284D3D9E}.Release|Any CPU.Build.0 = Release|Any CPU
		{EF39C832-F51C-4E0A-8FB1-03F57A52F6E8}.Debug|Any CPU.ActiveCfg = Debug|Any CPU
		{EF39C832-F51C-4E0A-8FB1-03F57A52F6E8}.Debug|Any CPU.Build.0 = Debug|Any CPU
		{EF39C832-F51C-4E0A-8FB1-03F57A52F6E8}.Release|Any CPU.ActiveCfg = Release|Any CPU
		{EF39C832-F51C-4E0A-8FB1-03F57A52F6E8}.Release|Any CPU.Build.0 = Release|Any CPU
	EndGlobalSection
	GlobalSection(SolutionProperties) = preSolution
		HideSolutionNode = FALSE
	EndGlobalSection
	GlobalSection(ExtensibilityGlobals) = postSolution
		SolutionGuid = {4D67DDA1-A696-4018-B22E-904097714B8F}
	EndGlobalSection
EndGlobal
